
Microsoft Visual Studio Solution File, Format Version 12.00
# Visual Studio 15
VisualStudioVersion = 15.0.28307.1800
MinimumVisualStudioVersion = 10.0.40219.1
Project("{D2ABAB84-BF74-430A-B69E-9DC6D40DDA17}") = "Prueba", "Prueba\Prueba.dwproj", "{405B6275-8C7E-436C-9BFF-F23B52CC4B11}"
EndProject
Global
	GlobalSection(SolutionConfigurationPlatforms) = preSolution
		Development|Default = Development|Default
	EndGlobalSection
	GlobalSection(ProjectConfigurationPlatforms) = postSolution
		{405B6275-8C7E-436C-9BFF-F23B52CC4B11}.Development|Default.ActiveCfg = Development
		{405B6275-8C7E-436C-9BFF-F23B52CC4B11}.Development|Default.Build.0 = Development
		{405B6275-8C7E-436C-9BFF-F23B52CC4B11}.Development|Default.Deploy.0 = Development
	EndGlobalSection
	GlobalSection(SolutionProperties) = preSolution
		HideSolutionNode = FALSE
	EndGlobalSection
	GlobalSection(ExtensibilityGlobals) = postSolution
		SolutionGuid = {87681ACD-8B6C-4468-9BE7-505AA0630560}
	EndGlobalSection
EndGlobal
